// !$*UTF8*$!
{
	archiveVersion = 1;
	classes = {
	};
	objectVersion = 56;
	objects = {

/* Begin PBXBuildFile section */
		1A6EAE1F2C2FDB14004E618E /* Joke_App_YesApp.swift in Sources */ = {isa = PBXBuildFile; fileRef = 1A6EAE1E2C2FDB14004E618E /* Joke_App_YesApp.swift */; };
		1A6EAE212C2FDB14004E618E /* ContentView.swift in Sources */ = {isa = PBXBuildFile; fileRef = 1A6EAE202C2FDB14004E618E /* ContentView.swift */; };
		1A6EAE232C2FDB16004E618E /* Assets.xcassets in Resources */ = {isa = PBXBuildFile; fileRef = 1A6EAE222C2FDB16004E618E /* Assets.xcassets */; };
		1A6EAE262C2FDB16004E618E /* Preview Assets.xcassets in Resources */ = {isa = PBXBuildFile; fileRef = 1A6EAE252C2FDB16004E618E /* Preview Assets.xcassets */; };
		1A6EAE302C2FDB16004E618E /* Joke_App_YesTests.swift in Sources */ = {isa = PBXBuildFile; fileRef = 1A6EAE2F2C2FDB16004E618E /* Joke_App_YesTests.swift */; };
		1A6EAE3A2C2FDB17004E618E /* Joke_App_YesUITests.swift in Sources */ = {isa = PBXBuildFile; fileRef = 1A6EAE392C2FDB17004E618E /* Joke_App_YesUITests.swift */; };
		1A6EAE3C2C2FDB17004E618E /* Joke_App_YesUITestsLaunchTests.swift in Sources */ = {isa = PBXBuildFile; fileRef = 1A6EAE3B2C2FDB17004E618E /* Joke_App_YesUITestsLaunchTests.swift */; };
/* End PBXBuildFile section */

/* Begin PBXContainerItemProxy section */
		1A6EAE2C2C2FDB16004E618E /* PBXContainerItemProxy */ = {
			isa = PBXContainerItemProxy;
			containerPortal = 1A6EAE132C2FDB14004E618E /* Project object */;
			proxyType = 1;
			remoteGlobalIDString = 1A6EAE1A2C2FDB14004E618E;
			remoteInfo = "Joke App Yes";
		};
		1A6EAE362C2FDB17004E618E /* PBXContainerItemProxy */ = {
			isa = PBXContainerItemProxy;
			containerPortal = 1A6EAE132C2FDB14004E618E /* Project object */;
			proxyType = 1;
			remoteGlobalIDString = 1A6EAE1A2C2FDB14004E618E;
			remoteInfo = "Joke App Yes";
		};
/* End PBXContainerItemProxy section */

/* Begin PBXFileReference section */
		1A6EAE1B2C2FDB14004E618E /* Joke App Yes.app */ = {isa = PBXFileReference; explicitFileType = wrapper.application; includeInIndex = 0; path = "Joke App Yes.app"; sourceTree = BUILT_PRODUCTS_DIR; };
		1A6EAE1E2C2FDB14004E618E /* Joke_App_YesApp.swift */ = {isa = PBXFileReference; lastKnownFileType = sourcecode.swift; path = Joke_App_YesApp.swift; sourceTree = "<group>"; };
		1A6EAE202C2FDB14004E618E /* ContentView.swift */ = {isa = PBXFileReference; lastKnownFileType = sourcecode.swift; path = ContentView.swift; sourceTree = "<group>"; };
		1A6EAE222C2FDB16004E618E /* Assets.xcassets */ = {isa = PBXFileReference; lastKnownFileType = folder.assetcatalog; path = Assets.xcassets; sourceTree = "<group>"; };
		1A6EAE252C2FDB16004E618E /* Preview Assets.xcassets */ = {isa = PBXFileReference; lastKnownFileType = folder.assetcatalog; path = "Preview Assets.xcassets"; sourceTree = "<group>"; };
		1A6EAE2B2C2FDB16004E618E /* Joke App YesTests.xctest */ = {isa = PBXFileReference; explicitFileType = wrapper.cfbundle; includeInIndex = 0; path = "Joke App YesTests.xctest"; sourceTree = BUILT_PRODUCTS_DIR; };
		1A6EAE2F2C2FDB16004E618E /* Joke_App_YesTests.swift */ = {isa = PBXFileReference; lastKnownFileType = sourcecode.swift; path = Joke_App_YesTests.swift; sourceTree = "<group>"; };
		1A6EAE352C2FDB17004E618E /* Joke App YesUITests.xctest */ = {isa = PBXFileReference; explicitFileType = wrapper.cfbundle; includeInIndex = 0; path = "Joke App YesUITests.xctest"; sourceTree = BUILT_PRODUCTS_DIR; };
		1A6EAE392C2FDB17004E618E /* Joke_App_YesUITests.swift */ = {isa = PBXFileReference; lastKnownFileType = sourcecode.swift; path = Joke_App_YesUITests.swift; sourceTree = "<group>"; };
		1A6EAE3B2C2FDB17004E618E /* Joke_App_YesUITestsLaunchTests.swift */ = {isa = PBXFileReference; lastKnownFileType = sourcecode.swift; path = Joke_App_YesUITestsLaunchTests.swift; sourceTree = "<group>"; };
/* End PBXFileReference section */

/* Begin PBXFrameworksBuildPhase section */
		1A6EAE182C2FDB14004E618E /* Frameworks */ = {
			isa = PBXFrameworksBuildPhase;
			buildActionMask = 2147483647;
			files = (
			);
			runOnlyForDeploymentPostprocessing = 0;
		};
		1A6EAE282C2FDB16004E618E /* Frameworks */ = {
			isa = PBXFrameworksBuildPhase;
			buildActionMask = 2147483647;
			files = (
			);
			runOnlyForDeploymentPostprocessing = 0;
		};
		1A6EAE322C2FDB17004E618E /* Frameworks */ = {
			isa = PBXFrameworksBuildPhase;
			buildActionMask = 2147483647;
			files = (
			);
			runOnlyForDeploymentPostprocessing = 0;
		};
/* End PBXFrameworksBuildPhase section */

/* Begin PBXGroup section */
		1A6EAE122C2FDB14004E618E = {
			isa = PBXGroup;
			children = (
				1A6EAE1D2C2FDB14004E618E /* Joke App Yes */,
				1A6EAE2E2C2FDB16004E618E /* Joke App YesTests */,
				1A6EAE382C2FDB17004E618E /* Joke App YesUITests */,
				1A6EAE1C2C2FDB14004E618E /* Products */,
			);
			sourceTree = "<group>";
		};
		1A6EAE1C2C2FDB14004E618E /* Products */ = {
			isa = PBXGroup;
			children = (
				1A6EAE1B2C2FDB14004E618E /* Joke App Yes.app */,
				1A6EAE2B2C2FDB16004E618E /* Joke App YesTests.xctest */,
				1A6EAE352C2FDB17004E618E /* Joke App YesUITests.xctest */,
			);
			name = Products;
			sourceTree = "<group>";
		};
		1A6EAE1D2C2FDB14004E618E /* Joke App Yes */ = {
			isa = PBXGroup;
			children = (
				1A6EAE1E2C2FDB14004E618E /* Joke_App_YesApp.swift */,
				1A6EAE202C2FDB14004E618E /* ContentView.swift */,
				1A6EAE222C2FDB16004E618E /* Assets.xcassets */,
				1A6EAE242C2FDB16004E618E /* Preview Content */,
			);
			path = "Joke App Yes";
			sourceTree = "<group>";
		};
		1A6EAE242C2FDB16004E618E /* Preview Content */ = {
			isa = PBXGroup;
			children = (
				1A6EAE252C2FDB16004E618E /* Preview Assets.xcassets */,
			);
			path = "Preview Content";
			sourceTree = "<group>";
		};
		1A6EAE2E2C2FDB16004E618E /* Joke App YesTests */ = {
			isa = PBXGroup;
			children = (
				1A6EAE2F2C2FDB16004E618E /* Joke_App_YesTests.swift */,
			);
			path = "Joke App YesTests";
			sourceTree = "<group>";
		};
		1A6EAE382C2FDB17004E618E /* Joke App YesUITests */ = {
			isa = PBXGroup;
			children = (
				1A6EAE392C2FDB17004E618E /* Joke_App_YesUITests.swift */,
				1A6EAE3B2C2FDB17004E618E /* Joke_App_YesUITestsLaunchTests.swift */,
			);
			path = "Joke App YesUITests";
			sourceTree = "<group>";
		};
/* End PBXGroup section */

/* Begin PBXNativeTarget section */
		1A6EAE1A2C2FDB14004E618E /* Joke App Yes */ = {
			isa = PBXNativeTarget;
			buildConfigurationList = 1A6EAE3F2C2FDB17004E618E /* Build configuration list for PBXNativeTarget "Joke App Yes" */;
			buildPhases = (
				1A6EAE172C2FDB14004E618E /* Sources */,
				1A6EAE182C2FDB14004E618E /* Frameworks */,
				1A6EAE192C2FDB14004E618E /* Resources */,
			);
			buildRules = (
			);
			dependencies = (
			);
			name = "Joke App Yes";
			productName = "Joke App Yes";
			productReference = 1A6EAE1B2C2FDB14004E618E /* Joke App Yes.app */;
			productType = "com.apple.product-type.application";
		};
		1A6EAE2A2C2FDB16004E618E /* Joke App YesTests */ = {
			isa = PBXNativeTarget;
			buildConfigurationList = 1A6EAE422C2FDB17004E618E /* Build configuration list for PBXNativeTarget "Joke App YesTests" */;
			buildPhases = (
				1A6EAE272C2FDB16004E618E /* Sources */,
				1A6EAE282C2FDB16004E618E /* Frameworks */,
				1A6EAE292C2FDB16004E618E /* Resources */,
			);
			buildRules = (
			);
			dependencies = (
				1A6EAE2D2C2FDB16004E618E /* PBXTargetDependency */,
			);
			name = "Joke App YesTests";
			productName = "Joke App YesTests";
			productReference = 1A6EAE2B2C2FDB16004E618E /* Joke App YesTests.xctest */;
			productType = "com.apple.product-type.bundle.unit-test";
		};
		1A6EAE342C2FDB17004E618E /* Joke App YesUITests */ = {
			isa = PBXNativeTarget;
			buildConfigurationList = 1A6EAE452C2FDB17004E618E /* Build configuration list for PBXNativeTarget "Joke App YesUITests" */;
			buildPhases = (
				1A6EAE312C2FDB17004E618E /* Sources */,
				1A6EAE322C2FDB17004E618E /* Frameworks */,
				1A6EAE332C2FDB17004E618E /* Resources */,
			);
			buildRules = (
			);
			dependencies = (
				1A6EAE372C2FDB17004E618E /* PBXTargetDependency */,
			);
			name = "Joke App YesUITests";
			productName = "Joke App YesUITests";
			productReference = 1A6EAE352C2FDB17004E618E /* Joke App YesUITests.xctest */;
			productType = "com.apple.product-type.bundle.ui-testing";
		};
/* End PBXNativeTarget section */

/* Begin PBXProject section */
		1A6EAE132C2FDB14004E618E /* Project object */ = {
			isa = PBXProject;
			attributes = {
				BuildIndependentTargetsInParallel = 1;
				LastSwiftUpdateCheck = 1540;
				LastUpgradeCheck = 1540;
				TargetAttributes = {
					1A6EAE1A2C2FDB14004E618E = {
						CreatedOnToolsVersion = 15.4;
					};
					1A6EAE2A2C2FDB16004E618E = {
						CreatedOnToolsVersion = 15.4;
						TestTargetID = 1A6EAE1A2C2FDB14004E618E;
					};
					1A6EAE342C2FDB17004E618E = {
						CreatedOnToolsVersion = 15.4;
						TestTargetID = 1A6EAE1A2C2FDB14004E618E;
					};
				};
			};
			buildConfigurationList = 1A6EAE162C2FDB14004E618E /* Build configuration list for PBXProject "Joke App Yes" */;
			compatibilityVersion = "Xcode 14.0";
			developmentRegion = en;
			hasScannedForEncodings = 0;
			knownRegions = (
				en,
				Base,
			);
			mainGroup = 1A6EAE122C2FDB14004E618E;
			productRefGroup = 1A6EAE1C2C2FDB14004E618E /* Products */;
			projectDirPath = "";
			projectRoot = "";
			targets = (
				1A6EAE1A2C2FDB14004E618E /* Joke App Yes */,
				1A6EAE2A2C2FDB16004E618E /* Joke App YesTests */,
				1A6EAE342C2FDB17004E618E /* Joke App YesUITests */,
			);
		};
/* End PBXProject section */

/* Begin PBXResourcesBuildPhase section */
		1A6EAE192C2FDB14004E618E /* Resources */ = {
			isa = PBXResourcesBuildPhase;
			buildActionMask = 2147483647;
			files = (
				1A6EAE262C2FDB16004E618E /* Preview Assets.xcassets in Resources */,
				1A6EAE232C2FDB16004E618E /* Assets.xcassets in Resources */,
			);
			runOnlyForDeploymentPostprocessing = 0;
		};
		1A6EAE292C2FDB16004E618E /* Resources */ = {
			isa = PBXResourcesBuildPhase;
			buildActionMask = 2147483647;
			files = (
			);
			runOnlyForDeploymentPostprocessing = 0;
		};
		1A6EAE332C2FDB17004E618E /* Resources */ = {
			isa = PBXResourcesBuildPhase;
			buildActionMask = 2147483647;
			files = (
			);
			runOnlyForDeploymentPostprocessing = 0;
		};
/* End PBXResourcesBuildPhase section */

/* Begin PBXSourcesBuildPhase section */
		1A6EAE172C2FDB14004E618E /* Sources */ = {
			isa = PBXSourcesBuildPhase;
			buildActionMask = 2147483647;
			files = (
				1A6EAE212C2FDB14004E618E /* ContentView.swift in Sources */,
				1A6EAE1F2C2FDB14004E618E /* Joke_App_YesApp.swift in Sources */,
			);
			runOnlyForDeploymentPostprocessing = 0;
		};
		1A6EAE272C2FDB16004E618E /* Sources */ = {
			isa = PBXSourcesBuildPhase;
			buildActionMask = 2147483647;
			files = (
				1A6EAE302C2FDB16004E618E /* Joke_App_YesTests.swift in Sources */,
			);
			runOnlyForDeploymentPostprocessing = 0;
		};
		1A6EAE312C2FDB17004E618E /* Sources */ = {
			isa = PBXSourcesBuildPhase;
			buildActionMask = 2147483647;
			files = (
				1A6EAE3A2C2FDB17004E618E /* Joke_App_YesUITests.swift in Sources */,
				1A6EAE3C2C2FDB17004E618E /* Joke_App_YesUITestsLaunchTests.swift in Sources */,
			);
			runOnlyForDeploymentPostprocessing = 0;
		};
/* End PBXSourcesBuildPhase section */

/* Begin PBXTargetDependency section */
		1A6EAE2D2C2FDB16004E618E /* PBXTargetDependency */ = {
			isa = PBXTargetDependency;
			target = 1A6EAE1A2C2FDB14004E618E /* Joke App Yes */;
			targetProxy = 1A6EAE2C2C2FDB16004E618E /* PBXContainerItemProxy */;
		};
		1A6EAE372C2FDB17004E618E /* PBXTargetDependency */ = {
			isa = PBXTargetDependency;
			target = 1A6EAE1A2C2FDB14004E618E /* Joke App Yes */;
			targetProxy = 1A6EAE362C2FDB17004E618E /* PBXContainerItemProxy */;
		};
/* End PBXTargetDependency section */

/* Begin XCBuildConfiguration section */
		1A6EAE3D2C2FDB17004E618E /* Debug */ = {
			isa = XCBuildConfiguration;
			buildSettings = {
				ALWAYS_SEARCH_USER_PATHS = NO;
				ASSETCATALOG_COMPILER_GENERATE_SWIFT_ASSET_SYMBOL_EXTENSIONS = YES;
				CLANG_ANALYZER_NONNULL = YES;
				CLANG_ANALYZER_NUMBER_OBJECT_CONVERSION = YES_AGGRESSIVE;
				CLANG_CXX_LANGUAGE_STANDARD = "gnu++20";
				CLANG_ENABLE_MODULES = YES;
				CLANG_ENABLE_OBJC_ARC = YES;
				CLANG_ENABLE_OBJC_WEAK = YES;
				CLANG_WARN_BLOCK_CAPTURE_AUTORELEASING = YES;
				CLANG_WARN_BOOL_CONVERSION = YES;
				CLANG_WARN_COMMA = YES;
				CLANG_WARN_CONSTANT_CONVERSION = YES;
				CLANG_WARN_DEPRECATED_OBJC_IMPLEMENTATIONS = YES;
				CLANG_WARN_DIRECT_OBJC_ISA_USAGE = YES_ERROR;
				CLANG_WARN_DOCUMENTATION_COMMENTS = YES;
				CLANG_WARN_EMPTY_BODY = YES;
				CLANG_WARN_ENUM_CONVERSION = YES;
				CLANG_WARN_INFINITE_RECURSION = YES;
				CLANG_WARN_INT_CONVERSION = YES;
				CLANG_WARN_NON_LITERAL_NULL_CONVERSION = YES;
				CLANG_WARN_OBJC_IMPLICIT_RETAIN_SELF = YES;
				CLANG_WARN_OBJC_LITERAL_CONVERSION = YES;
				CLANG_WARN_OBJC_ROOT_CLASS = YES_ERROR;
				CLANG_WARN_QUOTED_INCLUDE_IN_FRAMEWORK_HEADER = YES;
				CLANG_WARN_RANGE_LOOP_ANALYSIS = YES;
				CLANG_WARN_STRICT_PROTOTYPES = YES;
				CLANG_WARN_SUSPICIOUS_MOVE = YES;
				CLANG_WARN_UNGUARDED_AVAILABILITY = YES_AGGRESSIVE;
				CLANG_WARN_UNREACHABLE_CODE = YES;
				CLANG_WARN__DUPLICATE_METHOD_MATCH = YES;
				COPY_PHASE_STRIP = NO;
				DEBUG_INFORMATION_FORMAT = dwarf;
				ENABLE_STRICT_OBJC_MSGSEND = YES;
				ENABLE_TESTABILITY = YES;
				ENABLE_USER_SCRIPT_SANDBOXING = YES;
				GCC_C_LANGUAGE_STANDARD = gnu17;
				GCC_DYNAMIC_NO_PIC = NO;
				GCC_NO_COMMON_BLOCKS = YES;
				GCC_OPTIMIZATION_LEVEL = 0;
				GCC_PREPROCESSOR_DEFINITIONS = (
					"DEBUG=1",
					"$(inherited)",
				);
				GCC_WARN_64_TO_32_BIT_CONVERSION = YES;
				GCC_WARN_ABOUT_RETURN_TYPE = YES_ERROR;
				GCC_WARN_UNDECLARED_SELECTOR = YES;
				GCC_WARN_UNINITIALIZED_AUTOS = YES_AGGRESSIVE;
				GCC_WARN_UNUSED_FUNCTION = YES;
				GCC_WARN_UNUSED_VARIABLE = YES;
				IPHONEOS_DEPLOYMENT_TARGET = 17.5;
				LOCALIZATION_PREFERS_STRING_CATALOGS = YES;
				MTL_ENABLE_DEBUG_INFO = INCLUDE_SOURCE;
				MTL_FAST_MATH = YES;
				ONLY_ACTIVE_ARCH = YES;
				SDKROOT = iphoneos;
				SWIFT_ACTIVE_COMPILATION_CONDITIONS = "DEBUG $(inherited)";
				SWIFT_OPTIMIZATION_LEVEL = "-Onone";
			};
			name = Debug;
		};
		1A6EAE3E2C2FDB17004E618E /* Release */ = {
			isa = XCBuildConfiguration;
			buildSettings = {
				ALWAYS_SEARCH_USER_PATHS = NO;
				ASSETCATALOG_COMPILER_GENERATE_SWIFT_ASSET_SYMBOL_EXTENSIONS = YES;
				CLANG_ANALYZER_NONNULL = YES;
				CLANG_ANALYZER_NUMBER_OBJECT_CONVERSION = YES_AGGRESSIVE;
				CLANG_CXX_LANGUAGE_STANDARD = "gnu++20";
				CLANG_ENABLE_MODULES = YES;
				CLANG_ENABLE_OBJC_ARC = YES;
				CLANG_ENABLE_OBJC_WEAK = YES;
				CLANG_WARN_BLOCK_CAPTURE_AUTORELEASING = YES;
				CLANG_WARN_BOOL_CONVERSION = YES;
				CLANG_WARN_COMMA = YES;
				CLANG_WARN_CONSTANT_CONVERSION = YES;
				CLANG_WARN_DEPRECATED_OBJC_IMPLEMENTATIONS = YES;
				CLANG_WARN_DIRECT_OBJC_ISA_USAGE = YES_ERROR;
				CLANG_WARN_DOCUMENTATION_COMMENTS = YES;
				CLANG_WARN_EMPTY_BODY = YES;
				CLANG_WARN_ENUM_CONVERSION = YES;
				CLANG_WARN_INFINITE_RECURSION = YES;
				CLANG_WARN_INT_CONVERSION = YES;
				CLANG_WARN_NON_LITERAL_NULL_CONVERSION = YES;
				CLANG_WARN_OBJC_IMPLICIT_RETAIN_SELF = YES;
				CLANG_WARN_OBJC_LITERAL_CONVERSION = YES;
				CLANG_WARN_OBJC_ROOT_CLASS = YES_ERROR;
				CLANG_WARN_QUOTED_INCLUDE_IN_FRAMEWORK_HEADER = YES;
				CLANG_WARN_RANGE_LOOP_ANALYSIS = YES;
				CLANG_WARN_STRICT_PROTOTYPES = YES;
				CLANG_WARN_SUSPICIOUS_MOVE = YES;
				CLANG_WARN_UNGUARDED_AVAILABILITY = YES_AGGRESSIVE;
				CLANG_WARN_UNREACHABLE_CODE = YES;
				CLANG_WARN__DUPLICATE_METHOD_MATCH = YES;
				COPY_PHASE_STRIP = NO;
				DEBUG_INFORMATION_FORMAT = "dwarf-with-dsym";
				ENABLE_NS_ASSERTIONS = NO;
				ENABLE_STRICT_OBJC_MSGSEND = YES;
				ENABLE_USER_SCRIPT_SANDBOXING = YES;
				GCC_C_LANGUAGE_STANDARD = gnu17;
				GCC_NO_COMMON_BLOCKS = YES;
				GCC_WARN_64_TO_32_BIT_CONVERSION = YES;
				GCC_WARN_ABOUT_RETURN_TYPE = YES_ERROR;
				GCC_WARN_UNDECLARED_SELECTOR = YES;
				GCC_WARN_UNINITIALIZED_AUTOS = YES_AGGRESSIVE;
				GCC_WARN_UNUSED_FUNCTION = YES;
				GCC_WARN_UNUSED_VARIABLE = YES;
				IPHONEOS_DEPLOYMENT_TARGET = 17.5;
				LOCALIZATION_PREFERS_STRING_CATALOGS = YES;
				MTL_ENABLE_DEBUG_INFO = NO;
				MTL_FAST_MATH = YES;
				SDKROOT = iphoneos;
				SWIFT_COMPILATION_MODE = wholemodule;
				VALIDATE_PRODUCT = YES;
			};
			name = Release;
		};
		1A6EAE402C2FDB17004E618E /* Debug */ = {
			isa = XCBuildConfiguration;
			buildSettings = {
				ASSETCATALOG_COMPILER_APPICON_NAME = AppIcon;
				ASSETCATALOG_COMPILER_GLOBAL_ACCENT_COLOR_NAME = AccentColor;
				CODE_SIGN_STYLE = Automatic;
				CURRENT_PROJECT_VERSION = 1;
				DEVELOPMENT_ASSET_PATHS = "\"Joke App Yes/Preview Content\"";
				DEVELOPMENT_TEAM = 98SKN4M3A8;
				ENABLE_PREVIEWS = YES;
				GENERATE_INFOPLIST_FILE = YES;
				INFOPLIST_KEY_UIApplicationSceneManifest_Generation = YES;
				INFOPLIST_KEY_UIApplicationSupportsIndirectInputEvents = YES;
				INFOPLIST_KEY_UILaunchScreen_Generation = YES;
				INFOPLIST_KEY_UISupportedInterfaceOrientations_iPad = "UIInterfaceOrientationPortrait UIInterfaceOrientationPortraitUpsideDown UIInterfaceOrientationLandscapeLeft UIInterfaceOrientationLandscapeRight";
				INFOPLIST_KEY_UISupportedInterfaceOrientations_iPhone = "UIInterfaceOrientationPortrait UIInterfaceOrientationLandscapeLeft UIInterfaceOrientationLandscapeRight";
				LD_RUNPATH_SEARCH_PATHS = (
					"$(inherited)",
					"@executable_path/Frameworks",
				);
				MARKETING_VERSION = 1.0;
				PRODUCT_BUNDLE_IDENTIFIER = "james.Joke-App-Yes";
				PRODUCT_NAME = "$(TARGET_NAME)";
				SWIFT_EMIT_LOC_STRINGS = YES;
				SWIFT_VERSION = 5.0;
				TARGETED_DEVICE_FAMILY = "1,2";
			};
			name = Debug;
		};
		1A6EAE412C2FDB17004E618E /* Release */ = {
			isa = XCBuildConfiguration;
			buildSettings = {
				ASSETCATALOG_COMPILER_APPICON_NAME = AppIcon;
				ASSETCATALOG_COMPILER_GLOBAL_ACCENT_COLOR_NAME = AccentColor;
				CODE_SIGN_STYLE = Automatic;
				CURRENT_PROJECT_VERSION = 1;
				DEVELOPMENT_ASSET_PATHS = "\"Joke App Yes/Preview Content\"";
				DEVELOPMENT_TEAM = 98SKN4M3A8;
				ENABLE_PREVIEWS = YES;
				GENERATE_INFOPLIST_FILE = YES;
				INFOPLIST_KEY_UIApplicationSceneManifest_Generation = YES;
				INFOPLIST_KEY_UIApplicationSupportsIndirectInputEvents = YES;
				INFOPLIST_KEY_UILaunchScreen_Generation = YES;
				INFOPLIST_KEY_UISupportedInterfaceOrientations_iPad = "UIInterfaceOrientationPortrait UIInterfaceOrientationPortraitUpsideDown UIInterfaceOrientationLandscapeLeft UIInterfaceOrientationLandscapeRight";
				INFOPLIST_KEY_UISupportedInterfaceOrientations_iPhone = "UIInterfaceOrientationPortrait UIInterfaceOrientationLandscapeLeft UIInterfaceOrientationLandscapeRight";
				LD_RUNPATH_SEARCH_PATHS = (
					"$(inherited)",
					"@executable_path/Frameworks",
				);
				MARKETING_VERSION = 1.0;
				PRODUCT_BUNDLE_IDENTIFIER = "james.Joke-App-Yes";
				PRODUCT_NAME = "$(TARGET_NAME)";
				SWIFT_EMIT_LOC_STRINGS = YES;
				SWIFT_VERSION = 5.0;
				TARGETED_DEVICE_FAMILY = "1,2";
			};
			name = Release;
		};
		1A6EAE432C2FDB17004E618E /* Debug */ = {
			isa = XCBuildConfiguration;
			buildSettings = {
				ALWAYS_EMBED_SWIFT_STANDARD_LIBRARIES = YES;
				BUNDLE_LOADER = "$(TEST_HOST)";
				CODE_SIGN_STYLE = Automatic;
				CURRENT_PROJECT_VERSION = 1;
				DEVELOPMENT_TEAM = 98SKN4M3A8;
				GENERATE_INFOPLIST_FILE = YES;
				IPHONEOS_DEPLOYMENT_TARGET = 17.5;
				MARKETING_VERSION = 1.0;
				PRODUCT_BUNDLE_IDENTIFIER = "james.Joke-App-YesTests";
				PRODUCT_NAME = "$(TARGET_NAME)";
				SWIFT_EMIT_LOC_STRINGS = NO;
				SWIFT_VERSION = 5.0;
				TARGETED_DEVICE_FAMILY = "1,2";
				TEST_HOST = "$(BUILT_PRODUCTS_DIR)/Joke App Yes.app/$(BUNDLE_EXECUTABLE_FOLDER_PATH)/Joke App Yes";
			};
			name = Debug;
		};
		1A6EAE442C2FDB17004E618E /* Release */ = {
			isa = XCBuildConfiguration;
			buildSettings = {
				ALWAYS_EMBED_SWIFT_STANDARD_LIBRARIES = YES;
				BUNDLE_LOADER = "$(TEST_HOST)";
				CODE_SIGN_STYLE = Automatic;
				CURRENT_PROJECT_VERSION = 1;
				DEVELOPMENT_TEAM = 98SKN4M3A8;
				GENERATE_INFOPLIST_FILE = YES;
				IPHONEOS_DEPLOYMENT_TARGET = 17.5;
				MARKETING_VERSION = 1.0;
				PRODUCT_BUNDLE_IDENTIFIER = "james.Joke-App-YesTests";
				PRODUCT_NAME = "$(TARGET_NAME)";
				SWIFT_EMIT_LOC_STRINGS = NO;
				SWIFT_VERSION = 5.0;
				TARGETED_DEVICE_FAMILY = "1,2";
				TEST_HOST = "$(BUILT_PRODUCTS_DIR)/Joke App Yes.app/$(BUNDLE_EXECUTABLE_FOLDER_PATH)/Joke App Yes";
			};
			name = Release;
		};
		1A6EAE462C2FDB17004E618E /* Debug */ = {
			isa = XCBuildConfiguration;
			buildSettings = {
				ALWAYS_EMBED_SWIFT_STANDARD_LIBRARIES = YES;
				CODE_SIGN_STYLE = Automatic;
				CURRENT_PROJECT_VERSION = 1;
				DEVELOPMENT_TEAM = 98SKN4M3A8;
				GENERATE_INFOPLIST_FILE = YES;
				MARKETING_VERSION = 1.0;
				PRODUCT_BUNDLE_IDENTIFIER = "james.Joke-App-YesUITests";
				PRODUCT_NAME = "$(TARGET_NAME)";
				SWIFT_EMIT_LOC_STRINGS = NO;
				SWIFT_VERSION = 5.0;
				TARGETED_DEVICE_FAMILY = "1,2";
				TEST_TARGET_NAME = "Joke App Yes";
			};
			name = Debug;
		};
		1A6EAE472C2FDB17004E618E /* Release */ = {
			isa = XCBuildConfiguration;
			buildSettings = {
				ALWAYS_EMBED_SWIFT_STANDARD_LIBRARIES = YES;
				CODE_SIGN_STYLE = Automatic;
				CURRENT_PROJECT_VERSION = 1;
				DEVELOPMENT_TEAM = 98SKN4M3A8;
				GENERATE_INFOPLIST_FILE = YES;
				MARKETING_VERSION = 1.0;
				PRODUCT_BUNDLE_IDENTIFIER = "james.Joke-App-YesUITests";
				PRODUCT_NAME = "$(TARGET_NAME)";
				SWIFT_EMIT_LOC_STRINGS = NO;
				SWIFT_VERSION = 5.0;
				TARGETED_DEVICE_FAMILY = "1,2";
				TEST_TARGET_NAME = "Joke App Yes";
			};
			name = Release;
		};
/* End XCBuildConfiguration section */

/* Begin XCConfigurationList section */
		1A6EAE162C2FDB14004E618E /* Build configuration list for PBXProject "Joke App Yes" */ = {
			isa = XCConfigurationList;
			buildConfigurations = (
				1A6EAE3D2C2FDB17004E618E /* Debug */,
				1A6EAE3E2C2FDB17004E618E /* Release */,
			);
			defaultConfigurationIsVisible = 0;
			defaultConfigurationName = Release;
		};
		1A6EAE3F2C2FDB17004E618E /* Build configuration list for PBXNativeTarget "Joke App Yes" */ = {
			isa = XCConfigurationList;
			buildConfigurations = (
				1A6EAE402C2FDB17004E618E /* Debug */,
				1A6EAE412C2FDB17004E618E /* Release */,
			);
			defaultConfigurationIsVisible = 0;
			defaultConfigurationName = Release;
		};
		1A6EAE422C2FDB17004E618E /* Build configuration list for PBXNativeTarget "Joke App YesTests" */ = {
			isa = XCConfigurationList;
			buildConfigurations = (
				1A6EAE432C2FDB17004E618E /* Debug */,
				1A6EAE442C2FDB17004E618E /* Release */,
			);
			defaultConfigurationIsVisible = 0;
			defaultConfigurationName = Release;
		};
		1A6EAE452C2FDB17004E618E /* Build configuration list for PBXNativeTarget "Joke App YesUITests" */ = {
			isa = XCConfigurationList;
			buildConfigurations = (
				1A6EAE462C2FDB17004E618E /* Debug */,
				1A6EAE472C2FDB17004E618E /* Release */,
			);
			defaultConfigurationIsVisible = 0;
			defaultConfigurationName = Release;
		};
/* End XCConfigurationList section */
	};
	rootObject = 1A6EAE132C2FDB14004E618E /* Project object */;
}
